
Microsoft Visual Studio Solution File, Format Version 12.00
# Visual Studio Version 17
VisualStudioVersion = 17.6.33829.357
MinimumVisualStudioVersion = 10.0.40219.1
Project("{9A19103F-16F7-4668-BE54-9A1E7A4F7556}") = "Sales.Shared", "Sales.Shared\Sales.Shared.csproj", "{683A57EC-CEEA-48F2-A708-DF992932FF5D}"
EndProject
Project("{9A19103F-16F7-4668-BE54-9A1E7A4F7556}") = "Sales.API", "Sales.API\Sales.API.csproj", "{25342D41-68B0-451F-A517-8DA141735B33}"
EndProject
Project("{9A19103F-16F7-4668-BE54-9A1E7A4F7556}") = "Sales.WEB", "Sales.WEB\Sales.WEB.csproj", "{AB755136-3B90-4861-A43E-C8B46C659FA9}"
EndProject
Project("{9A19103F-16F7-4668-BE54-9A1E7A4F7556}") = "Sales.Mobile", "Sales.Mobile\Sales.Mobile.csproj", "{891DA11C-CB96-43ED-8BAA-E6C7B82F888A}"
EndProject
Global
	GlobalSection(SolutionConfigurationPlatforms) = preSolution
		Debug|Any CPU = Debug|Any CPU
		Release|Any CPU = Release|Any CPU
	EndGlobalSection
	GlobalSection(ProjectConfigurationPlatforms) = postSolution
		{683A57EC-CEEA-48F2-A708-DF992932FF5D}.Debug|Any CPU.ActiveCfg = Debug|Any CPU
		{683A57EC-CEEA-48F2-A708-DF992932FF5D}.Debug|Any CPU.Build.0 = Debug|Any CPU
		{683A57EC-CEEA-48F2-A708-DF992932FF5D}.Release|Any CPU.ActiveCfg = Release|Any CPU
		{683A57EC-CEEA-48F2-A708-DF992932FF5D}.Release|Any CPU.Build.0 = Release|Any CPU
		{25342D41-68B0-451F-A517-8DA141735B33}.Debug|Any CPU.ActiveCfg = Debug|Any CPU
		{25342D41-68B0-451F-A517-8DA141735B33}.Debug|Any CPU.Build.0 = Debug|Any CPU
		{25342D41-68B0-451F-A517-8DA141735B33}.Release|Any CPU.ActiveCfg = Release|Any CPU
		{25342D41-68B0-451F-A517-8DA141735B33}.Release|Any CPU.Build.0 = Release|Any CPU
		{AB755136-3B90-4861-A43E-C8B46C659FA9}.Debug|Any CPU.ActiveCfg = Debug|Any CPU
		{AB755136-3B90-4861-A43E-C8B46C659FA9}.Debug|Any CPU.Build.0 = Debug|Any CPU
		{AB755136-3B90-4861-A43E-C8B46C659FA9}.Release|Any CPU.ActiveCfg = Release|Any CPU
		{AB755136-3B90-4861-A43E-C8B46C659FA9}.Release|Any CPU.Build.0 = Release|Any CPU
		{891DA11C-CB96-43ED-8BAA-E6C7B82F888A}.Debug|Any CPU.ActiveCfg = Debug|Any CPU
		{891DA11C-CB96-43ED-8BAA-E6C7B82F888A}.Debug|Any CPU.Build.0 = Debug|Any CPU
		{891DA11C-CB96-43ED-8BAA-E6C7B82F888A}.Debug|Any CPU.Deploy.0 = Debug|Any CPU
		{891DA11C-CB96-43ED-8BAA-E6C7B82F888A}.Release|Any CPU.ActiveCfg = Release|Any CPU
		{891DA11C-CB96-43ED-8BAA-E6C7B82F888A}.Release|Any CPU.Build.0 = Release|Any CPU
		{891DA11C-CB96-43ED-8BAA-E6C7B82F888A}.Release|Any CPU.Deploy.0 = Release|Any CPU
	EndGlobalSection
	GlobalSection(SolutionProperties) = preSolution
		HideSolutionNode = FALSE
	EndGlobalSection
	GlobalSection(ExtensibilityGlobals) = postSolution
		SolutionGuid = {4E1E3596-DF87-41AB-8215-DD45F064CD17}
	EndGlobalSection
EndGlobal
